// !$*UTF8*$!
{
	archiveVersion = 1;
	classes = {
	};
	objectVersion = 55;
	objects = {

/* Begin PBXBuildFile section */
		49E02FDE27E8122000AF3978 /* AppDelegate.swift in Sources */ = {isa = PBXBuildFile; fileRef = 49E02FDD27E8122000AF3978 /* AppDelegate.swift */; };
		49E02FE027E8122000AF3978 /* SceneDelegate.swift in Sources */ = {isa = PBXBuildFile; fileRef = 49E02FDF27E8122000AF3978 /* SceneDelegate.swift */; };
		49E02FE227E8122000AF3978 /* ViewController.swift in Sources */ = {isa = PBXBuildFile; fileRef = 49E02FE127E8122000AF3978 /* ViewController.swift */; };
		49E02FE527E8122000AF3978 /* Main.storyboard in Resources */ = {isa = PBXBuildFile; fileRef = 49E02FE327E8122000AF3978 /* Main.storyboard */; };
		49E02FE727E8122200AF3978 /* Assets.xcassets in Resources */ = {isa = PBXBuildFile; fileRef = 49E02FE627E8122200AF3978 /* Assets.xcassets */; };
		49E02FEA27E8122200AF3978 /* LaunchScreen.storyboard in Resources */ = {isa = PBXBuildFile; fileRef = 49E02FE827E8122200AF3978 /* LaunchScreen.storyboard */; };
		49E02FF627E816DF00AF3978 /* TempFile.swift in Sources */ = {isa = PBXBuildFile; fileRef = 49E02FF527E816DF00AF3978 /* TempFile.swift */; };
		49E02FFA27E8170B00AF3978 /* TempFile.swift in Sources */ = {isa = PBXBuildFile; fileRef = 49E02FF927E8170B00AF3978 /* TempFile.swift */; };
/* End PBXBuildFile section */

/* Begin PBXFileReference section */
		49E02FDA27E8122000AF3978 /* ResinReminder.app */ = {isa = PBXFileReference; explicitFileType = wrapper.application; includeInIndex = 0; path = ResinReminder.app; sourceTree = BUILT_PRODUCTS_DIR; };
		49E02FDD27E8122000AF3978 /* AppDelegate.swift */ = {isa = PBXFileReference; lastKnownFileType = sourcecode.swift; path = AppDelegate.swift; sourceTree = "<group>"; };
		49E02FDF27E8122000AF3978 /* SceneDelegate.swift */ = {isa = PBXFileReference; lastKnownFileType = sourcecode.swift; path = SceneDelegate.swift; sourceTree = "<group>"; };
		49E02FE127E8122000AF3978 /* ViewController.swift */ = {isa = PBXFileReference; lastKnownFileType = sourcecode.swift; path = ViewController.swift; sourceTree = "<group>"; };
		49E02FE427E8122000AF3978 /* Base */ = {isa = PBXFileReference; lastKnownFileType = file.storyboard; name = Base; path = Base.lproj/Main.storyboard; sourceTree = "<group>"; };
		49E02FE627E8122200AF3978 /* Assets.xcassets */ = {isa = PBXFileReference; lastKnownFileType = folder.assetcatalog; path = Assets.xcassets; sourceTree = "<group>"; };
		49E02FE927E8122200AF3978 /* Base */ = {isa = PBXFileReference; lastKnownFileType = file.storyboard; name = Base; path = Base.lproj/LaunchScreen.storyboard; sourceTree = "<group>"; };
		49E02FEB27E8122200AF3978 /* Info.plist */ = {isa = PBXFileReference; lastKnownFileType = text.plist.xml; path = Info.plist; sourceTree = "<group>"; };
		49E02FF527E816DF00AF3978 /* TempFile.swift */ = {isa = PBXFileReference; lastKnownFileType = sourcecode.swift; path = TempFile.swift; sourceTree = "<group>"; };
		49E02FF927E8170B00AF3978 /* TempFile.swift */ = {isa = PBXFileReference; lastKnownFileType = sourcecode.swift; path = TempFile.swift; sourceTree = "<group>"; };
/* End PBXFileReference section */

/* Begin PBXFrameworksBuildPhase section */
		49E02FD727E8122000AF3978 /* Frameworks */ = {
			isa = PBXFrameworksBuildPhase;
			buildActionMask = 2147483647;
			files = (
			);
			runOnlyForDeploymentPostprocessing = 0;
		};
/* End PBXFrameworksBuildPhase section */

/* Begin PBXGroup section */
		49E02FD127E8122000AF3978 = {
			isa = PBXGroup;
			children = (
				49E02FDC27E8122000AF3978 /* ResinReminder */,
				49E02FDB27E8122000AF3978 /* Products */,
			);
			sourceTree = "<group>";
		};
		49E02FDB27E8122000AF3978 /* Products */ = {
			isa = PBXGroup;
			children = (
				49E02FDA27E8122000AF3978 /* ResinReminder.app */,
			);
			name = Products;
			sourceTree = "<group>";
		};
		49E02FDC27E8122000AF3978 /* ResinReminder */ = {
			isa = PBXGroup;
			children = (
				49E02FF127E8162B00AF3978 /* Models */,
				49E02FF227E8164000AF3978 /* Controllers */,
				49E02FF327E8164600AF3978 /* Views */,
				49E02FF427E8164B00AF3978 /* Resources */,
			);
			path = ResinReminder;
			sourceTree = "<group>";
		};
		49E02FF127E8162B00AF3978 /* Models */ = {
			isa = PBXGroup;
			children = (
				49E02FF527E816DF00AF3978 /* TempFile.swift */,
			);
			path = Models;
			sourceTree = "<group>";
		};
		49E02FF227E8164000AF3978 /* Controllers */ = {
			isa = PBXGroup;
			children = (
				49E02FF727E816E800AF3978 /* ModelControllers */,
				49E02FF827E816F600AF3978 /* ViewControllers */,
			);
			path = Controllers;
			sourceTree = "<group>";
		};
		49E02FF327E8164600AF3978 /* Views */ = {
			isa = PBXGroup;
			children = (
				49E02FE827E8122200AF3978 /* LaunchScreen.storyboard */,
				49E02FE327E8122000AF3978 /* Main.storyboard */,
			);
			path = Views;
			sourceTree = "<group>";
		};
		49E02FF427E8164B00AF3978 /* Resources */ = {
			isa = PBXGroup;
			children = (
				49E02FEB27E8122200AF3978 /* Info.plist */,
				49E02FDF27E8122000AF3978 /* SceneDelegate.swift */,
				49E02FDD27E8122000AF3978 /* AppDelegate.swift */,
				49E02FE627E8122200AF3978 /* Assets.xcassets */,
			);
			path = Resources;
			sourceTree = "<group>";
		};
		49E02FF727E816E800AF3978 /* ModelControllers */ = {
			isa = PBXGroup;
			children = (
				49E02FF927E8170B00AF3978 /* TempFile.swift */,
			);
			path = ModelControllers;
			sourceTree = "<group>";
		};
		49E02FF827E816F600AF3978 /* ViewControllers */ = {
			isa = PBXGroup;
			children = (
				49E02FE127E8122000AF3978 /* ViewController.swift */,
			);
			path = ViewControllers;
			sourceTree = "<group>";
		};
/* End PBXGroup section */

/* Begin PBXNativeTarget section */
		49E02FD927E8122000AF3978 /* ResinReminder */ = {
			isa = PBXNativeTarget;
			buildConfigurationList = 49E02FEE27E8122200AF3978 /* Build configuration list for PBXNativeTarget "ResinReminder" */;
			buildPhases = (
				49E02FD627E8122000AF3978 /* Sources */,
				49E02FD727E8122000AF3978 /* Frameworks */,
				49E02FD827E8122000AF3978 /* Resources */,
			);
			buildRules = (
			);
			dependencies = (
			);
			name = ResinReminder;
			productName = ResinReminder;
			productReference = 49E02FDA27E8122000AF3978 /* ResinReminder.app */;
			productType = "com.apple.product-type.application";
		};
/* End PBXNativeTarget section */

/* Begin PBXProject section */
		49E02FD227E8122000AF3978 /* Project object */ = {
			isa = PBXProject;
			attributes = {
				BuildIndependentTargetsInParallel = 1;
				LastSwiftUpdateCheck = 1320;
				LastUpgradeCheck = 1320;
				TargetAttributes = {
					49E02FD927E8122000AF3978 = {
						CreatedOnToolsVersion = 13.2.1;
					};
				};
			};
			buildConfigurationList = 49E02FD527E8122000AF3978 /* Build configuration list for PBXProject "ResinReminder" */;
			compatibilityVersion = "Xcode 13.0";
			developmentRegion = en;
			hasScannedForEncodings = 0;
			knownRegions = (
				en,
				Base,
			);
			mainGroup = 49E02FD127E8122000AF3978;
			productRefGroup = 49E02FDB27E8122000AF3978 /* Products */;
			projectDirPath = "";
			projectRoot = "";
			targets = (
				49E02FD927E8122000AF3978 /* ResinReminder */,
			);
		};
/* End PBXProject section */

/* Begin PBXResourcesBuildPhase section */
		49E02FD827E8122000AF3978 /* Resources */ = {
			isa = PBXResourcesBuildPhase;
			buildActionMask = 2147483647;
			files = (
				49E02FEA27E8122200AF3978 /* LaunchScreen.storyboard in Resources */,
				49E02FE727E8122200AF3978 /* Assets.xcassets in Resources */,
				49E02FE527E8122000AF3978 /* Main.storyboard in Resources */,
			);
			runOnlyForDeploymentPostprocessing = 0;
		};
/* End PBXResourcesBuildPhase section */

/* Begin PBXSourcesBuildPhase section */
		49E02FD627E8122000AF3978 /* Sources */ = {
			isa = PBXSourcesBuildPhase;
			buildActionMask = 2147483647;
			files = (
				49E02FE227E8122000AF3978 /* ViewController.swift in Sources */,
				49E02FDE27E8122000AF3978 /* AppDelegate.swift in Sources */,
				49E02FE027E8122000AF3978 /* SceneDelegate.swift in Sources */,
				49E02FF627E816DF00AF3978 /* TempFile.swift in Sources */,
				49E02FFA27E8170B00AF3978 /* TempFile.swift in Sources */,
			);
			runOnlyForDeploymentPostprocessing = 0;
		};
/* End PBXSourcesBuildPhase section */

/* Begin PBXVariantGroup section */
		49E02FE327E8122000AF3978 /* Main.storyboard */ = {
			isa = PBXVariantGroup;
			children = (
				49E02FE427E8122000AF3978 /* Base */,
			);
			name = Main.storyboard;
			sourceTree = "<group>";
		};
		49E02FE827E8122200AF3978 /* LaunchScreen.storyboard */ = {
			isa = PBXVariantGroup;
			children = (
				49E02FE927E8122200AF3978 /* Base */,
			);
			name = LaunchScreen.storyboard;
			sourceTree = "<group>";
		};
/* End PBXVariantGroup section */

/* Begin XCBuildConfiguration section */
		49E02FEC27E8122200AF3978 /* Debug */ = {
			isa = XCBuildConfiguration;
			buildSettings = {
				ALWAYS_SEARCH_USER_PATHS = NO;
				CLANG_ANALYZER_NONNULL = YES;
				CLANG_ANALYZER_NUMBER_OBJECT_CONVERSION = YES_AGGRESSIVE;
				CLANG_CXX_LANGUAGE_STANDARD = "gnu++17";
				CLANG_CXX_LIBRARY = "libc++";
				CLANG_ENABLE_MODULES = YES;
				CLANG_ENABLE_OBJC_ARC = YES;
				CLANG_ENABLE_OBJC_WEAK = YES;
				CLANG_WARN_BLOCK_CAPTURE_AUTORELEASING = YES;
				CLANG_WARN_BOOL_CONVERSION = YES;
				CLANG_WARN_COMMA = YES;
				CLANG_WARN_CONSTANT_CONVERSION = YES;
				CLANG_WARN_DEPRECATED_OBJC_IMPLEMENTATIONS = YES;
				CLANG_WARN_DIRECT_OBJC_ISA_USAGE = YES_ERROR;
				CLANG_WARN_DOCUMENTATION_COMMENTS = YES;
				CLANG_WARN_EMPTY_BODY = YES;
				CLANG_WARN_ENUM_CONVERSION = YES;
				CLANG_WARN_INFINITE_RECURSION = YES;
				CLANG_WARN_INT_CONVERSION = YES;
				CLANG_WARN_NON_LITERAL_NULL_CONVERSION = YES;
				CLANG_WARN_OBJC_IMPLICIT_RETAIN_SELF = YES;
				CLANG_WARN_OBJC_LITERAL_CONVERSION = YES;
				CLANG_WARN_OBJC_ROOT_CLASS = YES_ERROR;
				CLANG_WARN_QUOTED_INCLUDE_IN_FRAMEWORK_HEADER = YES;
				CLANG_WARN_RANGE_LOOP_ANALYSIS = YES;
				CLANG_WARN_STRICT_PROTOTYPES = YES;
				CLANG_WARN_SUSPICIOUS_MOVE = YES;
				CLANG_WARN_UNGUARDED_AVAILABILITY = YES_AGGRESSIVE;
				CLANG_WARN_UNREACHABLE_CODE = YES;
				CLANG_WARN__DUPLICATE_METHOD_MATCH = YES;
				COPY_PHASE_STRIP = NO;
				DEBUG_INFORMATION_FORMAT = dwarf;
				ENABLE_STRICT_OBJC_MSGSEND = YES;
				ENABLE_TESTABILITY = YES;
				GCC_C_LANGUAGE_STANDARD = gnu11;
				GCC_DYNAMIC_NO_PIC = NO;
				GCC_NO_COMMON_BLOCKS = YES;
				GCC_OPTIMIZATION_LEVEL = 0;
				GCC_PREPROCESSOR_DEFINITIONS = (
					"DEBUG=1",
					"$(inherited)",
				);
				GCC_WARN_64_TO_32_BIT_CONVERSION = YES;
				GCC_WARN_ABOUT_RETURN_TYPE = YES_ERROR;
				GCC_WARN_UNDECLARED_SELECTOR = YES;
				GCC_WARN_UNINITIALIZED_AUTOS = YES_AGGRESSIVE;
				GCC_WARN_UNUSED_FUNCTION = YES;
				GCC_WARN_UNUSED_VARIABLE = YES;
				IPHONEOS_DEPLOYMENT_TARGET = 15.2;
				MTL_ENABLE_DEBUG_INFO = INCLUDE_SOURCE;
				MTL_FAST_MATH = YES;
				ONLY_ACTIVE_ARCH = YES;
				SDKROOT = iphoneos;
				SWIFT_ACTIVE_COMPILATION_CONDITIONS = DEBUG;
				SWIFT_OPTIMIZATION_LEVEL = "-Onone";
			};
			name = Debug;
		};
		49E02FED27E8122200AF3978 /* Release */ = {
			isa = XCBuildConfiguration;
			buildSettings = {
				ALWAYS_SEARCH_USER_PATHS = NO;
				CLANG_ANALYZER_NONNULL = YES;
				CLANG_ANALYZER_NUMBER_OBJECT_CONVERSION = YES_AGGRESSIVE;
				CLANG_CXX_LANGUAGE_STANDARD = "gnu++17";
				CLANG_CXX_LIBRARY = "libc++";
				CLANG_ENABLE_MODULES = YES;
				CLANG_ENABLE_OBJC_ARC = YES;
				CLANG_ENABLE_OBJC_WEAK = YES;
				CLANG_WARN_BLOCK_CAPTURE_AUTORELEASING = YES;
				CLANG_WARN_BOOL_CONVERSION = YES;
				CLANG_WARN_COMMA = YES;
				CLANG_WARN_CONSTANT_CONVERSION = YES;
				CLANG_WARN_DEPRECATED_OBJC_IMPLEMENTATIONS = YES;
				CLANG_WARN_DIRECT_OBJC_ISA_USAGE = YES_ERROR;
				CLANG_WARN_DOCUMENTATION_COMMENTS = YES;
				CLANG_WARN_EMPTY_BODY = YES;
				CLANG_WARN_ENUM_CONVERSION = YES;
				CLANG_WARN_INFINITE_RECURSION = YES;
				CLANG_WARN_INT_CONVERSION = YES;
				CLANG_WARN_NON_LITERAL_NULL_CONVERSION = YES;
				CLANG_WARN_OBJC_IMPLICIT_RETAIN_SELF = YES;
				CLANG_WARN_OBJC_LITERAL_CONVERSION = YES;
				CLANG_WARN_OBJC_ROOT_CLASS = YES_ERROR;
				CLANG_WARN_QUOTED_INCLUDE_IN_FRAMEWORK_HEADER = YES;
				CLANG_WARN_RANGE_LOOP_ANALYSIS = YES;
				CLANG_WARN_STRICT_PROTOTYPES = YES;
				CLANG_WARN_SUSPICIOUS_MOVE = YES;
				CLANG_WARN_UNGUARDED_AVAILABILITY = YES_AGGRESSIVE;
				CLANG_WARN_UNREACHABLE_CODE = YES;
				CLANG_WARN__DUPLICATE_METHOD_MATCH = YES;
				COPY_PHASE_STRIP = NO;
				DEBUG_INFORMATION_FORMAT = "dwarf-with-dsym";
				ENABLE_NS_ASSERTIONS = NO;
				ENABLE_STRICT_OBJC_MSGSEND = YES;
				GCC_C_LANGUAGE_STANDARD = gnu11;
				GCC_NO_COMMON_BLOCKS = YES;
				GCC_WARN_64_TO_32_BIT_CONVERSION = YES;
				GCC_WARN_ABOUT_RETURN_TYPE = YES_ERROR;
				GCC_WARN_UNDECLARED_SELECTOR = YES;
				GCC_WARN_UNINITIALIZED_AUTOS = YES_AGGRESSIVE;
				GCC_WARN_UNUSED_FUNCTION = YES;
				GCC_WARN_UNUSED_VARIABLE = YES;
				IPHONEOS_DEPLOYMENT_TARGET = 15.2;
				MTL_ENABLE_DEBUG_INFO = NO;
				MTL_FAST_MATH = YES;
				SDKROOT = iphoneos;
				SWIFT_COMPILATION_MODE = wholemodule;
				SWIFT_OPTIMIZATION_LEVEL = "-O";
				VALIDATE_PRODUCT = YES;
			};
			name = Release;
		};
		49E02FEF27E8122200AF3978 /* Debug */ = {
			isa = XCBuildConfiguration;
			buildSettings = {
				ASSETCATALOG_COMPILER_APPICON_NAME = AppIcon;
				ASSETCATALOG_COMPILER_GLOBAL_ACCENT_COLOR_NAME = AccentColor;
				CODE_SIGN_STYLE = Automatic;
				CURRENT_PROJECT_VERSION = 1;
				DEVELOPMENT_TEAM = 8V4AXZDZQP;
				GENERATE_INFOPLIST_FILE = YES;
				INFOPLIST_FILE = ResinReminder/Resources/Info.plist;
				INFOPLIST_KEY_UIApplicationSupportsIndirectInputEvents = YES;
				INFOPLIST_KEY_UILaunchStoryboardName = LaunchScreen;
				INFOPLIST_KEY_UIMainStoryboardFile = Main;
				INFOPLIST_KEY_UISupportedInterfaceOrientations_iPad = "UIInterfaceOrientationPortrait UIInterfaceOrientationPortraitUpsideDown UIInterfaceOrientationLandscapeLeft UIInterfaceOrientationLandscapeRight";
				INFOPLIST_KEY_UISupportedInterfaceOrientations_iPhone = "UIInterfaceOrientationPortrait UIInterfaceOrientationLandscapeLeft UIInterfaceOrientationLandscapeRight";
				LD_RUNPATH_SEARCH_PATHS = (
					"$(inherited)",
					"@executable_path/Frameworks",
				);
				MARKETING_VERSION = 0.1.0;
				PRODUCT_BUNDLE_IDENTIFIER = com.AndrewDev.ResinReminder;
				PRODUCT_NAME = "$(TARGET_NAME)";
				SWIFT_EMIT_LOC_STRINGS = YES;
				SWIFT_VERSION = 5.0;
				TARGETED_DEVICE_FAMILY = 1;
			};
			name = Debug;
		};
		49E02FF027E8122200AF3978 /* Release */ = {
			isa = XCBuildConfiguration;
			buildSettings = {
				ASSETCATALOG_COMPILER_APPICON_NAME = AppIcon;
				ASSETCATALOG_COMPILER_GLOBAL_ACCENT_COLOR_NAME = AccentColor;
				CODE_SIGN_STYLE = Automatic;
				CURRENT_PROJECT_VERSION = 1;
				DEVELOPMENT_TEAM = 8V4AXZDZQP;
				GENERATE_INFOPLIST_FILE = YES;
				INFOPLIST_FILE = ResinReminder/Resources/Info.plist;
				INFOPLIST_KEY_UIApplicationSupportsIndirectInputEvents = YES;
				INFOPLIST_KEY_UILaunchStoryboardName = LaunchScreen;
				INFOPLIST_KEY_UIMainStoryboardFile = Main;
				INFOPLIST_KEY_UISupportedInterfaceOrientations_iPad = "UIInterfaceOrientationPortrait UIInterfaceOrientationPortraitUpsideDown UIInterfaceOrientationLandscapeLeft UIInterfaceOrientationLandscapeRight";
				INFOPLIST_KEY_UISupportedInterfaceOrientations_iPhone = "UIInterfaceOrientationPortrait UIInterfaceOrientationLandscapeLeft UIInterfaceOrientationLandscapeRight";
				LD_RUNPATH_SEARCH_PATHS = (
					"$(inherited)",
					"@executable_path/Frameworks",
				);
				MARKETING_VERSION = 0.1.0;
				PRODUCT_BUNDLE_IDENTIFIER = com.AndrewDev.ResinReminder;
				PRODUCT_NAME = "$(TARGET_NAME)";
				SWIFT_EMIT_LOC_STRINGS = YES;
				SWIFT_VERSION = 5.0;
				TARGETED_DEVICE_FAMILY = 1;
			};
			name = Release;
		};
/* End XCBuildConfiguration section */

/* Begin XCConfigurationList section */
		49E02FD527E8122000AF3978 /* Build configuration list for PBXProject "ResinReminder" */ = {
			isa = XCConfigurationList;
			buildConfigurations = (
				49E02FEC27E8122200AF3978 /* Debug */,
				49E02FED27E8122200AF3978 /* Release */,
			);
			defaultConfigurationIsVisible = 0;
			defaultConfigurationName = Release;
		};
		49E02FEE27E8122200AF3978 /* Build configuration list for PBXNativeTarget "ResinReminder" */ = {
			isa = XCConfigurationList;
			buildConfigurations = (
				49E02FEF27E8122200AF3978 /* Debug */,
				49E02FF027E8122200AF3978 /* Release */,
			);
			defaultConfigurationIsVisible = 0;
			defaultConfigurationName = Release;
		};
/* End XCConfigurationList section */
	};
	rootObject = 49E02FD227E8122000AF3978 /* Project object */;
}
